
Microsoft Visual Studio Solution File, Format Version 12.00
# Visual Studio Version 17
VisualStudioVersion = 17.7.34024.191
MinimumVisualStudioVersion = 10.0.40219.1
Project("{9A19103F-16F7-4668-BE54-9A1E7A4F7556}") = "Sample1", "Sample1\Sample1.csproj", "{884D8F8D-155A-4BB1-864D-F3D0D946E73B}"
EndProject
Project("{FAE04EC0-301F-11D3-BF4B-00C04F79EFBC}") = "Sample2", "Sample2\Sample2.csproj", "{E8E471F0-08AA-4A1B-AA1E-0E187DA44D96}"
EndProject
Project("{FAE04EC0-301F-11D3-BF4B-00C04F79EFBC}") = "Sample3", "Sample3\Sample3.csproj", "{7D565CF8-81B2-4A4B-8EC0-176581768C71}"
EndProject
Project("{FAE04EC0-301F-11D3-BF4B-00C04F79EFBC}") = "Sample4", "Sample4\Sample4.csproj", "{3DDB0E05-E284-4248-A55A-DCADFCE6066C}"
EndProject
Project("{FAE04EC0-301F-11D3-BF4B-00C04F79EFBC}") = "Sample5", "Sample5\Sample5.csproj", "{78638B67-5610-4C84-A5EB-31D2B8E97F30}"
EndProject
Project("{FAE04EC0-301F-11D3-BF4B-00C04F79EFBC}") = "Sample6", "Sample6\Sample6.csproj", "{B494F695-C8F6-42F6-AD48-F5AADB25CA66}"
EndProject
Project("{FAE04EC0-301F-11D3-BF4B-00C04F79EFBC}") = "Sample7", "Sample7\Sample7.csproj", "{33CE69D5-0B25-46F0-8D8E-51F534FB62E2}"
EndProject
Global
	GlobalSection(SolutionConfigurationPlatforms) = preSolution
		Debug|Any CPU = Debug|Any CPU
		Release|Any CPU = Release|Any CPU
	EndGlobalSection
	GlobalSection(ProjectConfigurationPlatforms) = postSolution
		{884D8F8D-155A-4BB1-864D-F3D0D946E73B}.Debug|Any CPU.ActiveCfg = Debug|Any CPU
		{884D8F8D-155A-4BB1-864D-F3D0D946E73B}.Debug|Any CPU.Build.0 = Debug|Any CPU
		{884D8F8D-155A-4BB1-864D-F3D0D946E73B}.Release|Any CPU.ActiveCfg = Release|Any CPU
		{884D8F8D-155A-4BB1-864D-F3D0D946E73B}.Release|Any CPU.Build.0 = Release|Any CPU
		{E8E471F0-08AA-4A1B-AA1E-0E187DA44D96}.Debug|Any CPU.ActiveCfg = Debug|Any CPU
		{E8E471F0-08AA-4A1B-AA1E-0E187DA44D96}.Debug|Any CPU.Build.0 = Debug|Any CPU
		{E8E471F0-08AA-4A1B-AA1E-0E187DA44D96}.Release|Any CPU.ActiveCfg = Release|Any CPU
		{E8E471F0-08AA-4A1B-AA1E-0E187DA44D96}.Release|Any CPU.Build.0 = Release|Any CPU
		{7D565CF8-81B2-4A4B-8EC0-176581768C71}.Debug|Any CPU.ActiveCfg = Debug|Any CPU
		{7D565CF8-81B2-4A4B-8EC0-176581768C71}.Debug|Any CPU.Build.0 = Debug|Any CPU
		{7D565CF8-81B2-4A4B-8EC0-176581768C71}.Release|Any CPU.ActiveCfg = Release|Any CPU
		{7D565CF8-81B2-4A4B-8EC0-176581768C71}.Release|Any CPU.Build.0 = Release|Any CPU
		{3DDB0E05-E284-4248-A55A-DCADFCE6066C}.Debug|Any CPU.ActiveCfg = Debug|Any CPU
		{3DDB0E05-E284-4248-A55A-DCADFCE6066C}.Debug|Any CPU.Build.0 = Debug|Any CPU
		{3DDB0E05-E284-4248-A55A-DCADFCE6066C}.Release|Any CPU.ActiveCfg = Release|Any CPU
		{3DDB0E05-E284-4248-A55A-DCADFCE6066C}.Release|Any CPU.Build.0 = Release|Any CPU
		{78638B67-5610-4C84-A5EB-31D2B8E97F30}.Debug|Any CPU.ActiveCfg = Debug|Any CPU
		{78638B67-5610-4C84-A5EB-31D2B8E97F30}.Debug|Any CPU.Build.0 = Debug|Any CPU
		{78638B67-5610-4C84-A5EB-31D2B8E97F30}.Release|Any CPU.ActiveCfg = Release|Any CPU
		{78638B67-5610-4C84-A5EB-31D2B8E97F30}.Release|Any CPU.Build.0 = Release|Any CPU
		{B494F695-C8F6-42F6-AD48-F5AADB25CA66}.Debug|Any CPU.ActiveCfg = Debug|Any CPU
		{B494F695-C8F6-42F6-AD48-F5AADB25CA66}.Debug|Any CPU.Build.0 = Debug|Any CPU
		{B494F695-C8F6-42F6-AD48-F5AADB25CA66}.Release|Any CPU.ActiveCfg = Release|Any CPU
		{B494F695-C8F6-42F6-AD48-F5AADB25CA66}.Release|Any CPU.Build.0 = Release|Any CPU
		{33CE69D5-0B25-46F0-8D8E-51F534FB62E2}.Debug|Any CPU.ActiveCfg = Debug|Any CPU
		{33CE69D5-0B25-46F0-8D8E-51F534FB62E2}.Debug|Any CPU.Build.0 = Debug|Any CPU
		{33CE69D5-0B25-46F0-8D8E-51F534FB62E2}.Release|Any CPU.ActiveCfg = Release|Any CPU
		{33CE69D5-0B25-46F0-8D8E-51F534FB62E2}.Release|Any CPU.Build.0 = Release|Any CPU
	EndGlobalSection
	GlobalSection(SolutionProperties) = preSolution
		HideSolutionNode = FALSE
	EndGlobalSection
	GlobalSection(ExtensibilityGlobals) = postSolution
		SolutionGuid = {0607AC2C-0404-4932-8949-144A957E2C61}
	EndGlobalSection
EndGlobal
